
Microsoft Visual Studio Solution File, Format Version 12.00
# Visual Studio Version 17
VisualStudioVersion = 17.5.33424.131
MinimumVisualStudioVersion = 10.0.40219.1
Project("{FAE04EC0-301F-11D3-BF4B-00C04F79EFBC}") = "Cadastro", "Cadastro\Cadastro.csproj", "{5D67B0E5-4C38-4980-ACFA-362FA7C859DC}"
EndProject
Global
	GlobalSection(SolutionConfigurationPlatforms) = preSolution
		Debug|Any CPU = Debug|Any CPU
		Release|Any CPU = Release|Any CPU
	EndGlobalSection
	GlobalSection(ProjectConfigurationPlatforms) = postSolution
		{5D67B0E5-4C38-4980-ACFA-362FA7C859DC}.Debug|Any CPU.ActiveCfg = Debug|Any CPU
		{5D67B0E5-4C38-4980-ACFA-362FA7C859DC}.Debug|Any CPU.Build.0 = Debug|Any CPU
		{5D67B0E5-4C38-4980-ACFA-362FA7C859DC}.Release|Any CPU.ActiveCfg = Release|Any CPU
		{5D67B0E5-4C38-4980-ACFA-362FA7C859DC}.Release|Any CPU.Build.0 = Release|Any CPU
	EndGlobalSection
	GlobalSection(SolutionProperties) = preSolution
		HideSolutionNode = FALSE
	EndGlobalSection
	GlobalSection(ExtensibilityGlobals) = postSolution
		SolutionGuid = {CB10D1D5-09A0-4342-A9BC-0BD7078D60E2}
	EndGlobalSection
EndGlobal
